
Microsoft Visual Studio Solution File, Format Version 12.00
# Visual Studio 15
VisualStudioVersion = 15.0.28307.421
MinimumVisualStudioVersion = 10.0.40219.1
Project("{FAE04EC0-301F-11D3-BF4B-00C04F79EFBC}") = "Numato-16chn", "Numato-16chn\Numato-16chn.csproj", "{1E868DB5-A1AA-46E7-B457-61D05B9E31F1}"
EndProject
Project("{FAE04EC0-301F-11D3-BF4B-00C04F79EFBC}") = "NumatoLabGpio", "NumatoLabGpio\NumatoLabGpio.csproj", "{751F5896-AFD0-465C-A8B4-DEE436A236CF}"
EndProject
Global
	GlobalSection(SolutionConfigurationPlatforms) = preSolution
		Debug|Any CPU = Debug|Any CPU
		Release|Any CPU = Release|Any CPU
	EndGlobalSection
	GlobalSection(ProjectConfigurationPlatforms) = postSolution
		{1E868DB5-A1AA-46E7-B457-61D05B9E31F1}.Debug|Any CPU.ActiveCfg = Debug|Any CPU
		{1E868DB5-A1AA-46E7-B457-61D05B9E31F1}.Debug|Any CPU.Build.0 = Debug|Any CPU
		{1E868DB5-A1AA-46E7-B457-61D05B9E31F1}.Release|Any CPU.ActiveCfg = Release|Any CPU
		{1E868DB5-A1AA-46E7-B457-61D05B9E31F1}.Release|Any CPU.Build.0 = Release|Any CPU
		{751F5896-AFD0-465C-A8B4-DEE436A236CF}.Debug|Any CPU.ActiveCfg = Debug|Any CPU
		{751F5896-AFD0-465C-A8B4-DEE436A236CF}.Debug|Any CPU.Build.0 = Debug|Any CPU
		{751F5896-AFD0-465C-A8B4-DEE436A236CF}.Release|Any CPU.ActiveCfg = Release|Any CPU
		{751F5896-AFD0-465C-A8B4-DEE436A236CF}.Release|Any CPU.Build.0 = Release|Any CPU
	EndGlobalSection
	GlobalSection(SolutionProperties) = preSolution
		HideSolutionNode = FALSE
	EndGlobalSection
	GlobalSection(ExtensibilityGlobals) = postSolution
		SolutionGuid = {5F1C3C70-6D46-4846-A64A-2F23C5DF69B7}
	EndGlobalSection
EndGlobal
